
Microsoft Visual Studio Solution File, Format Version 12.00
# Visual Studio Version 17
VisualStudioVersion = 17.13.35931.197 d17.13
MinimumVisualStudioVersion = 10.0.40219.1
Project("{FAE04EC0-301F-11D3-BF4B-00C04F79EFBC}") = "DevFreela.API", "DevFreela.API\DevFreela.API.csproj", "{B093FFFD-6F00-4374-B375-43E11428853A}"
EndProject
Global
	GlobalSection(SolutionConfigurationPlatforms) = preSolution
		Debug|Any CPU = Debug|Any CPU
		Release|Any CPU = Release|Any CPU
	EndGlobalSection
	GlobalSection(ProjectConfigurationPlatforms) = postSolution
		{B093FFFD-6F00-4374-B375-43E11428853A}.Debug|Any CPU.ActiveCfg = Debug|Any CPU
		{B093FFFD-6F00-4374-B375-43E11428853A}.Debug|Any CPU.Build.0 = Debug|Any CPU
		{B093FFFD-6F00-4374-B375-43E11428853A}.Release|Any CPU.ActiveCfg = Release|Any CPU
		{B093FFFD-6F00-4374-B375-43E11428853A}.Release|Any CPU.Build.0 = Release|Any CPU
	EndGlobalSection
	GlobalSection(SolutionProperties) = preSolution
		HideSolutionNode = FALSE
	EndGlobalSection
	GlobalSection(ExtensibilityGlobals) = postSolution
		SolutionGuid = {B596CAC9-2975-41C9-9A13-908C2C2647C8}
	EndGlobalSection
EndGlobal
